
Microsoft Visual Studio Solution File, Format Version 12.00
# Visual Studio Version 16
VisualStudioVersion = 16.0.30204.135
MinimumVisualStudioVersion = 10.0.40219.1
Project("{9A19103F-16F7-4668-BE54-9A1E7A4F7556}") = "NewsReal", "NewsReal\NewsReal.csproj", "{E60A46B7-78ED-492E-AB74-4DC0AA354A70}"
EndProject
Project("{FAE04EC0-301F-11D3-BF4B-00C04F79EFBC}") = "NewsReal.Tests", "NewsReal.Tests\NewsReal.Tests.csproj", "{B38E5390-3AFD-48A8-946C-808B0081AD86}"
EndProject
Global
	GlobalSection(SolutionConfigurationPlatforms) = preSolution
		Debug|Any CPU = Debug|Any CPU
		Release|Any CPU = Release|Any CPU
	EndGlobalSection
	GlobalSection(ProjectConfigurationPlatforms) = postSolution
		{E60A46B7-78ED-492E-AB74-4DC0AA354A70}.Debug|Any CPU.ActiveCfg = Debug|Any CPU
		{E60A46B7-78ED-492E-AB74-4DC0AA354A70}.Debug|Any CPU.Build.0 = Debug|Any CPU
		{E60A46B7-78ED-492E-AB74-4DC0AA354A70}.Release|Any CPU.ActiveCfg = Release|Any CPU
		{E60A46B7-78ED-492E-AB74-4DC0AA354A70}.Release|Any CPU.Build.0 = Release|Any CPU
		{B38E5390-3AFD-48A8-946C-808B0081AD86}.Debug|Any CPU.ActiveCfg = Debug|Any CPU
		{B38E5390-3AFD-48A8-946C-808B0081AD86}.Debug|Any CPU.Build.0 = Debug|Any CPU
		{B38E5390-3AFD-48A8-946C-808B0081AD86}.Release|Any CPU.ActiveCfg = Release|Any CPU
		{B38E5390-3AFD-48A8-946C-808B0081AD86}.Release|Any CPU.Build.0 = Release|Any CPU
	EndGlobalSection
	GlobalSection(SolutionProperties) = preSolution
		HideSolutionNode = FALSE
	EndGlobalSection
	GlobalSection(ExtensibilityGlobals) = postSolution
		SolutionGuid = {9E5EC6F5-BAD3-4D75-8FC0-F6DEF8320314}
	EndGlobalSection
EndGlobal
